
Microsoft Visual Studio Solution File, Format Version 12.00
# Visual Studio Version 16
VisualStudioVersion = 16.0.29424.173
MinimumVisualStudioVersion = 10.0.40219.1
Project("{FAE04EC0-301F-11D3-BF4B-00C04F79EFBC}") = "Decrypter", "Decrypter\Decrypter.csproj", "{688632ED-175A-48B9-94FF-498CCDF6EA0C}"
EndProject
Global
	GlobalSection(SolutionConfigurationPlatforms) = preSolution
		Debug|Any CPU = Debug|Any CPU
		Release|Any CPU = Release|Any CPU
	EndGlobalSection
	GlobalSection(ProjectConfigurationPlatforms) = postSolution
		{688632ED-175A-48B9-94FF-498CCDF6EA0C}.Debug|Any CPU.ActiveCfg = Debug|Any CPU
		{688632ED-175A-48B9-94FF-498CCDF6EA0C}.Debug|Any CPU.Build.0 = Debug|Any CPU
		{688632ED-175A-48B9-94FF-498CCDF6EA0C}.Release|Any CPU.ActiveCfg = Release|Any CPU
		{688632ED-175A-48B9-94FF-498CCDF6EA0C}.Release|Any CPU.Build.0 = Release|Any CPU
	EndGlobalSection
	GlobalSection(SolutionProperties) = preSolution
		HideSolutionNode = FALSE
	EndGlobalSection
	GlobalSection(ExtensibilityGlobals) = postSolution
		SolutionGuid = {4CDC8DD4-55AE-4EC1-83A5-8EE760AC583C}
	EndGlobalSection
EndGlobal
